
Microsoft Visual Studio Solution File, Format Version 12.00
# Visual Studio Version 16
VisualStudioVersion = 16.0.32002.261
MinimumVisualStudioVersion = 10.0.40219.1
Project("{FAE04EC0-301F-11D3-BF4B-00C04F79EFBC}") = "QuanLyQuanTraSua", "QuanLyQuanTraSua\QuanLyQuanTraSua.csproj", "{182AC76E-F50A-410C-8337-FD81C03DC88D}"
EndProject
Global
	GlobalSection(SolutionConfigurationPlatforms) = preSolution
		Debug|Any CPU = Debug|Any CPU
		Release|Any CPU = Release|Any CPU
	EndGlobalSection
	GlobalSection(ProjectConfigurationPlatforms) = postSolution
		{182AC76E-F50A-410C-8337-FD81C03DC88D}.Debug|Any CPU.ActiveCfg = Debug|Any CPU
		{182AC76E-F50A-410C-8337-FD81C03DC88D}.Debug|Any CPU.Build.0 = Debug|Any CPU
		{182AC76E-F50A-410C-8337-FD81C03DC88D}.Release|Any CPU.ActiveCfg = Release|Any CPU
		{182AC76E-F50A-410C-8337-FD81C03DC88D}.Release|Any CPU.Build.0 = Release|Any CPU
	EndGlobalSection
	GlobalSection(SolutionProperties) = preSolution
		HideSolutionNode = FALSE
	EndGlobalSection
	GlobalSection(ExtensibilityGlobals) = postSolution
		SolutionGuid = {BF05B403-534E-4523-9D46-B7E1D88A6E9C}
	EndGlobalSection
EndGlobal
